
Microsoft Visual Studio Solution File, Format Version 12.00
# Visual Studio Version 17
VisualStudioVersion = 17.1.32210.238
MinimumVisualStudioVersion = 10.0.40219.1
Project("{FAE04EC0-301F-11D3-BF4B-00C04F79EFBC}") = "LaboratorOperatii", "LaboratorOperatii\LaboratorOperatii.csproj", "{6041D10A-E3B6-48A7-9893-BCE8C3C50FF0}"
EndProject
Global
	GlobalSection(SolutionConfigurationPlatforms) = preSolution
		Debug|Any CPU = Debug|Any CPU
		Release|Any CPU = Release|Any CPU
	EndGlobalSection
	GlobalSection(ProjectConfigurationPlatforms) = postSolution
		{6041D10A-E3B6-48A7-9893-BCE8C3C50FF0}.Debug|Any CPU.ActiveCfg = Debug|Any CPU
		{6041D10A-E3B6-48A7-9893-BCE8C3C50FF0}.Debug|Any CPU.Build.0 = Debug|Any CPU
		{6041D10A-E3B6-48A7-9893-BCE8C3C50FF0}.Release|Any CPU.ActiveCfg = Release|Any CPU
		{6041D10A-E3B6-48A7-9893-BCE8C3C50FF0}.Release|Any CPU.Build.0 = Release|Any CPU
	EndGlobalSection
	GlobalSection(SolutionProperties) = preSolution
		HideSolutionNode = FALSE
	EndGlobalSection
	GlobalSection(ExtensibilityGlobals) = postSolution
		SolutionGuid = {823021BC-D986-4677-B3B8-EFFF3500622C}
	EndGlobalSection
EndGlobal
